
Microsoft Visual Studio Solution File, Format Version 12.00
# Visual Studio Version 16
VisualStudioVersion = 16.0.31205.134
MinimumVisualStudioVersion = 10.0.40219.1
Project("{9A19103F-16F7-4668-BE54-9A1E7A4F7556}") = "MarionetteProxy", "MarionetteProxy\MarionetteProxy.csproj", "{AA56B4EE-C1BC-4F9A-886B-31EE3E5003A5}"
EndProject
Project("{9A19103F-16F7-4668-BE54-9A1E7A4F7556}") = "MarionetteAdapter", "MarionetteAdapter\MarionetteAdapter.csproj", "{6C1BB922-ADDF-488A-AD85-BC55A9553A13}"
EndProject
Project("{8BC9CEB8-8B4A-11D0-8D11-00A0C91BC942}") = "Fbx2PartsJson", "Fbx2PartsJson\Fbx2PartsJson.vcxproj", "{EA30DACB-273D-47C0-8002-A6409614ACA7}"
EndProject
Project("{9A19103F-16F7-4668-BE54-9A1E7A4F7556}") = "MarionetteUtils", "MarionetteUtils\MarionetteUtils.csproj", "{B277C689-59D9-4FAE-8974-1934ED607DE9}"
EndProject
Global
	GlobalSection(SolutionConfigurationPlatforms) = preSolution
		Debug|Any CPU = Debug|Any CPU
		Debug|x64 = Debug|x64
		Debug|x86 = Debug|x86
		Release|Any CPU = Release|Any CPU
		Release|x64 = Release|x64
		Release|x86 = Release|x86
		ReleaseUnityEditor|Any CPU = ReleaseUnityEditor|Any CPU
		ReleaseUnityEditor|x64 = ReleaseUnityEditor|x64
		ReleaseUnityEditor|x86 = ReleaseUnityEditor|x86
	EndGlobalSection
	GlobalSection(ProjectConfigurationPlatforms) = postSolution
		{AA56B4EE-C1BC-4F9A-886B-31EE3E5003A5}.Debug|Any CPU.ActiveCfg = Debug|Any CPU
		{AA56B4EE-C1BC-4F9A-886B-31EE3E5003A5}.Debug|Any CPU.Build.0 = Debug|Any CPU
		{AA56B4EE-C1BC-4F9A-886B-31EE3E5003A5}.Debug|x64.ActiveCfg = Debug|Any CPU
		{AA56B4EE-C1BC-4F9A-886B-31EE3E5003A5}.Debug|x64.Build.0 = Debug|Any CPU
		{AA56B4EE-C1BC-4F9A-886B-31EE3E5003A5}.Debug|x86.ActiveCfg = Debug|Any CPU
		{AA56B4EE-C1BC-4F9A-886B-31EE3E5003A5}.Debug|x86.Build.0 = Debug|Any CPU
		{AA56B4EE-C1BC-4F9A-886B-31EE3E5003A5}.Release|Any CPU.ActiveCfg = Release|Any CPU
		{AA56B4EE-C1BC-4F9A-886B-31EE3E5003A5}.Release|Any CPU.Build.0 = Release|Any CPU
		{AA56B4EE-C1BC-4F9A-886B-31EE3E5003A5}.Release|x64.ActiveCfg = Release|Any CPU
		{AA56B4EE-C1BC-4F9A-886B-31EE3E5003A5}.Release|x64.Build.0 = Release|Any CPU
		{AA56B4EE-C1BC-4F9A-886B-31EE3E5003A5}.Release|x86.ActiveCfg = Release|Any CPU
		{AA56B4EE-C1BC-4F9A-886B-31EE3E5003A5}.Release|x86.Build.0 = Release|Any CPU
		{AA56B4EE-C1BC-4F9A-886B-31EE3E5003A5}.ReleaseUnityEditor|Any CPU.ActiveCfg = ReleaseUnityEditor|Any CPU
		{AA56B4EE-C1BC-4F9A-886B-31EE3E5003A5}.ReleaseUnityEditor|Any CPU.Build.0 = ReleaseUnityEditor|Any CPU
		{AA56B4EE-C1BC-4F9A-886B-31EE3E5003A5}.ReleaseUnityEditor|x64.ActiveCfg = ReleaseUnityEditor|Any CPU
		{AA56B4EE-C1BC-4F9A-886B-31EE3E5003A5}.ReleaseUnityEditor|x64.Build.0 = ReleaseUnityEditor|Any CPU
		{AA56B4EE-C1BC-4F9A-886B-31EE3E5003A5}.ReleaseUnityEditor|x86.ActiveCfg = ReleaseUnityEditor|Any CPU
		{AA56B4EE-C1BC-4F9A-886B-31EE3E5003A5}.ReleaseUnityEditor|x86.Build.0 = ReleaseUnityEditor|Any CPU
		{6C1BB922-ADDF-488A-AD85-BC55A9553A13}.Debug|Any CPU.ActiveCfg = Debug|Any CPU
		{6C1BB922-ADDF-488A-AD85-BC55A9553A13}.Debug|Any CPU.Build.0 = Debug|Any CPU
		{6C1BB922-ADDF-488A-AD85-BC55A9553A13}.Debug|x64.ActiveCfg = Debug|Any CPU
		{6C1BB922-ADDF-488A-AD85-BC55A9553A13}.Debug|x64.Build.0 = Debug|Any CPU
		{6C1BB922-ADDF-488A-AD85-BC55A9553A13}.Debug|x86.ActiveCfg = Debug|Any CPU
		{6C1BB922-ADDF-488A-AD85-BC55A9553A13}.Debug|x86.Build.0 = Debug|Any CPU
		{6C1BB922-ADDF-488A-AD85-BC55A9553A13}.Release|Any CPU.ActiveCfg = Release|Any CPU
		{6C1BB922-ADDF-488A-AD85-BC55A9553A13}.Release|Any CPU.Build.0 = Release|Any CPU
		{6C1BB922-ADDF-488A-AD85-BC55A9553A13}.Release|x64.ActiveCfg = Release|Any CPU
		{6C1BB922-ADDF-488A-AD85-BC55A9553A13}.Release|x64.Build.0 = Release|Any CPU
		{6C1BB922-ADDF-488A-AD85-BC55A9553A13}.Release|x86.ActiveCfg = Release|Any CPU
		{6C1BB922-ADDF-488A-AD85-BC55A9553A13}.Release|x86.Build.0 = Release|Any CPU
		{6C1BB922-ADDF-488A-AD85-BC55A9553A13}.ReleaseUnityEditor|Any CPU.ActiveCfg = ReleaseUnityEditor|Any CPU
		{6C1BB922-ADDF-488A-AD85-BC55A9553A13}.ReleaseUnityEditor|x64.ActiveCfg = ReleaseUnityEditor|Any CPU
		{6C1BB922-ADDF-488A-AD85-BC55A9553A13}.ReleaseUnityEditor|x64.Build.0 = ReleaseUnityEditor|Any CPU
		{6C1BB922-ADDF-488A-AD85-BC55A9553A13}.ReleaseUnityEditor|x86.ActiveCfg = ReleaseUnityEditor|Any CPU
		{6C1BB922-ADDF-488A-AD85-BC55A9553A13}.ReleaseUnityEditor|x86.Build.0 = ReleaseUnityEditor|Any CPU
		{EA30DACB-273D-47C0-8002-A6409614ACA7}.Debug|Any CPU.ActiveCfg = Debug|x64
		{EA30DACB-273D-47C0-8002-A6409614ACA7}.Debug|Any CPU.Build.0 = Debug|x64
		{EA30DACB-273D-47C0-8002-A6409614ACA7}.Debug|x64.ActiveCfg = Debug|x64
		{EA30DACB-273D-47C0-8002-A6409614ACA7}.Debug|x64.Build.0 = Debug|x64
		{EA30DACB-273D-47C0-8002-A6409614ACA7}.Debug|x86.ActiveCfg = Debug|Win32
		{EA30DACB-273D-47C0-8002-A6409614ACA7}.Debug|x86.Build.0 = Debug|Win32
		{EA30DACB-273D-47C0-8002-A6409614ACA7}.Release|Any CPU.ActiveCfg = Release|x64
		{EA30DACB-273D-47C0-8002-A6409614ACA7}.Release|x64.ActiveCfg = Release|x64
		{EA30DACB-273D-47C0-8002-A6409614ACA7}.Release|x64.Build.0 = Release|x64
		{EA30DACB-273D-47C0-8002-A6409614ACA7}.Release|x86.ActiveCfg = Release|Win32
		{EA30DACB-273D-47C0-8002-A6409614ACA7}.Release|x86.Build.0 = Release|Win32
		{EA30DACB-273D-47C0-8002-A6409614ACA7}.ReleaseUnityEditor|Any CPU.ActiveCfg = ReleaseUnityEditor|x64
		{EA30DACB-273D-47C0-8002-A6409614ACA7}.ReleaseUnityEditor|Any CPU.Build.0 = ReleaseUnityEditor|x64
		{EA30DACB-273D-47C0-8002-A6409614ACA7}.ReleaseUnityEditor|x64.ActiveCfg = ReleaseUnityEditor|x64
		{EA30DACB-273D-47C0-8002-A6409614ACA7}.ReleaseUnityEditor|x64.Build.0 = ReleaseUnityEditor|x64
		{EA30DACB-273D-47C0-8002-A6409614ACA7}.ReleaseUnityEditor|x86.ActiveCfg = ReleaseUnityEditor|Win32
		{EA30DACB-273D-47C0-8002-A6409614ACA7}.ReleaseUnityEditor|x86.Build.0 = ReleaseUnityEditor|Win32
		{B277C689-59D9-4FAE-8974-1934ED607DE9}.Debug|Any CPU.ActiveCfg = Debug|Any CPU
		{B277C689-59D9-4FAE-8974-1934ED607DE9}.Debug|Any CPU.Build.0 = Debug|Any CPU
		{B277C689-59D9-4FAE-8974-1934ED607DE9}.Debug|x64.ActiveCfg = Debug|Any CPU
		{B277C689-59D9-4FAE-8974-1934ED607DE9}.Debug|x64.Build.0 = Debug|Any CPU
		{B277C689-59D9-4FAE-8974-1934ED607DE9}.Debug|x86.ActiveCfg = Debug|Any CPU
		{B277C689-59D9-4FAE-8974-1934ED607DE9}.Debug|x86.Build.0 = Debug|Any CPU
		{B277C689-59D9-4FAE-8974-1934ED607DE9}.Release|Any CPU.ActiveCfg = Release|Any CPU
		{B277C689-59D9-4FAE-8974-1934ED607DE9}.Release|Any CPU.Build.0 = Release|Any CPU
		{B277C689-59D9-4FAE-8974-1934ED607DE9}.Release|x64.ActiveCfg = Release|Any CPU
		{B277C689-59D9-4FAE-8974-1934ED607DE9}.Release|x64.Build.0 = Release|Any CPU
		{B277C689-59D9-4FAE-8974-1934ED607DE9}.Release|x86.ActiveCfg = Release|Any CPU
		{B277C689-59D9-4FAE-8974-1934ED607DE9}.Release|x86.Build.0 = Release|Any CPU
		{B277C689-59D9-4FAE-8974-1934ED607DE9}.ReleaseUnityEditor|Any CPU.ActiveCfg = ReleaseUnityEditor|Any CPU
		{B277C689-59D9-4FAE-8974-1934ED607DE9}.ReleaseUnityEditor|Any CPU.Build.0 = ReleaseUnityEditor|Any CPU
		{B277C689-59D9-4FAE-8974-1934ED607DE9}.ReleaseUnityEditor|x64.ActiveCfg = ReleaseUnityEditor|Any CPU
		{B277C689-59D9-4FAE-8974-1934ED607DE9}.ReleaseUnityEditor|x64.Build.0 = ReleaseUnityEditor|Any CPU
		{B277C689-59D9-4FAE-8974-1934ED607DE9}.ReleaseUnityEditor|x86.ActiveCfg = ReleaseUnityEditor|Any CPU
		{B277C689-59D9-4FAE-8974-1934ED607DE9}.ReleaseUnityEditor|x86.Build.0 = ReleaseUnityEditor|Any CPU
	EndGlobalSection
	GlobalSection(SolutionProperties) = preSolution
		HideSolutionNode = FALSE
	EndGlobalSection
	GlobalSection(ExtensibilityGlobals) = postSolution
		SolutionGuid = {FABA6A30-4BF6-4C56-A477-C18453646D35}
	EndGlobalSection
EndGlobal
